
Microsoft Visual Studio Solution File, Format Version 12.00
# Visual Studio Version 17
VisualStudioVersion = 17.6.33723.286
MinimumVisualStudioVersion = 10.0.40219.1
Project("{8BC9CEB8-8B4A-11D0-8D11-00A0C91BC942}") = "01_Triangle", "01_Triangle\01_Triangle.vcxproj", "{1C669CAA-5C8A-4026-BE6A-0BB6E1742547}"
EndProject
Project("{8BC9CEB8-8B4A-11D0-8D11-00A0C91BC942}") = "02_Texture", "02_Texture\02_Texture.vcxproj", "{CD82BE2D-A4A5-460A-912A-632510BA4C13}"
EndProject
Project("{8BC9CEB8-8B4A-11D0-8D11-00A0C91BC942}") = "03_Transformation", "03_Transformation\03_Transformation.vcxproj", "{D090DA41-7285-4E14-B912-A69870214CC7}"
EndProject
Project("{8BC9CEB8-8B4A-11D0-8D11-00A0C91BC942}") = "04_Camera", "04_Camera\04_Camera.vcxproj", "{6CE8C4D7-BAF2-4513-8AC2-1DF2896DA5AD}"
EndProject
Project("{8BC9CEB8-8B4A-11D0-8D11-00A0C91BC942}") = "05_Lighting", "05_Lighting\05_Lighting.vcxproj", "{505E1FCC-B585-4385-92B8-B76F471D9F3D}"
EndProject
Project("{2150E333-8FDC-42A3-9474-1A3956D46DE8}") = "BasicExamples", "BasicExamples", "{D8BECA9F-AC38-4525-BBEC-033A712E9515}"
EndProject
Global
	GlobalSection(SolutionConfigurationPlatforms) = preSolution
		Debug|x64 = Debug|x64
		Debug|x86 = Debug|x86
		Release|x64 = Release|x64
		Release|x86 = Release|x86
	EndGlobalSection
	GlobalSection(ProjectConfigurationPlatforms) = postSolution
		{1C669CAA-5C8A-4026-BE6A-0BB6E1742547}.Debug|x64.ActiveCfg = Debug|x64
		{1C669CAA-5C8A-4026-BE6A-0BB6E1742547}.Debug|x64.Build.0 = Debug|x64
		{1C669CAA-5C8A-4026-BE6A-0BB6E1742547}.Debug|x86.ActiveCfg = Debug|Win32
		{1C669CAA-5C8A-4026-BE6A-0BB6E1742547}.Debug|x86.Build.0 = Debug|Win32
		{1C669CAA-5C8A-4026-BE6A-0BB6E1742547}.Release|x64.ActiveCfg = Release|x64
		{1C669CAA-5C8A-4026-BE6A-0BB6E1742547}.Release|x64.Build.0 = Release|x64
		{1C669CAA-5C8A-4026-BE6A-0BB6E1742547}.Release|x86.ActiveCfg = Release|Win32
		{1C669CAA-5C8A-4026-BE6A-0BB6E1742547}.Release|x86.Build.0 = Release|Win32
		{CD82BE2D-A4A5-460A-912A-632510BA4C13}.Debug|x64.ActiveCfg = Debug|x64
		{CD82BE2D-A4A5-460A-912A-632510BA4C13}.Debug|x64.Build.0 = Debug|x64
		{CD82BE2D-A4A5-460A-912A-632510BA4C13}.Debug|x86.ActiveCfg = Debug|Win32
		{CD82BE2D-A4A5-460A-912A-632510BA4C13}.Debug|x86.Build.0 = Debug|Win32
		{CD82BE2D-A4A5-460A-912A-632510BA4C13}.Release|x64.ActiveCfg = Release|x64
		{CD82BE2D-A4A5-460A-912A-632510BA4C13}.Release|x64.Build.0 = Release|x64
		{CD82BE2D-A4A5-460A-912A-632510BA4C13}.Release|x86.ActiveCfg = Release|Win32
		{CD82BE2D-A4A5-460A-912A-632510BA4C13}.Release|x86.Build.0 = Release|Win32
		{D090DA41-7285-4E14-B912-A69870214CC7}.Debug|x64.ActiveCfg = Debug|x64
		{D090DA41-7285-4E14-B912-A69870214CC7}.Debug|x64.Build.0 = Debug|x64
		{D090DA41-7285-4E14-B912-A69870214CC7}.Debug|x86.ActiveCfg = Debug|Win32
		{D090DA41-7285-4E14-B912-A69870214CC7}.Debug|x86.Build.0 = Debug|Win32
		{D090DA41-7285-4E14-B912-A69870214CC7}.Release|x64.ActiveCfg = Release|x64
		{D090DA41-7285-4E14-B912-A69870214CC7}.Release|x64.Build.0 = Release|x64
		{D090DA41-7285-4E14-B912-A69870214CC7}.Release|x86.ActiveCfg = Release|Win32
		{D090DA41-7285-4E14-B912-A69870214CC7}.Release|x86.Build.0 = Release|Win32
		{6CE8C4D7-BAF2-4513-8AC2-1DF2896DA5AD}.Debug|x64.ActiveCfg = Debug|x64
		{6CE8C4D7-BAF2-4513-8AC2-1DF2896DA5AD}.Debug|x64.Build.0 = Debug|x64
		{6CE8C4D7-BAF2-4513-8AC2-1DF2896DA5AD}.Debug|x86.ActiveCfg = Debug|Win32
		{6CE8C4D7-BAF2-4513-8AC2-1DF2896DA5AD}.Debug|x86.Build.0 = Debug|Win32
		{6CE8C4D7-BAF2-4513-8AC2-1DF2896DA5AD}.Release|x64.ActiveCfg = Release|x64
		{6CE8C4D7-BAF2-4513-8AC2-1DF2896DA5AD}.Release|x64.Build.0 = Release|x64
		{6CE8C4D7-BAF2-4513-8AC2-1DF2896DA5AD}.Release|x86.ActiveCfg = Release|Win32
		{6CE8C4D7-BAF2-4513-8AC2-1DF2896DA5AD}.Release|x86.Build.0 = Release|Win32
		{505E1FCC-B585-4385-92B8-B76F471D9F3D}.Debug|x64.ActiveCfg = Debug|x64
		{505E1FCC-B585-4385-92B8-B76F471D9F3D}.Debug|x64.Build.0 = Debug|x64
		{505E1FCC-B585-4385-92B8-B76F471D9F3D}.Debug|x86.ActiveCfg = Debug|Win32
		{505E1FCC-B585-4385-92B8-B76F471D9F3D}.Debug|x86.Build.0 = Debug|Win32
		{505E1FCC-B585-4385-92B8-B76F471D9F3D}.Release|x64.ActiveCfg = Release|x64
		{505E1FCC-B585-4385-92B8-B76F471D9F3D}.Release|x64.Build.0 = Release|x64
		{505E1FCC-B585-4385-92B8-B76F471D9F3D}.Release|x86.ActiveCfg = Release|Win32
		{505E1FCC-B585-4385-92B8-B76F471D9F3D}.Release|x86.Build.0 = Release|Win32
	EndGlobalSection
	GlobalSection(SolutionProperties) = preSolution
		HideSolutionNode = FALSE
	EndGlobalSection
	GlobalSection(NestedProjects) = preSolution
		{1C669CAA-5C8A-4026-BE6A-0BB6E1742547} = {D8BECA9F-AC38-4525-BBEC-033A712E9515}
		{CD82BE2D-A4A5-460A-912A-632510BA4C13} = {D8BECA9F-AC38-4525-BBEC-033A712E9515}
		{D090DA41-7285-4E14-B912-A69870214CC7} = {D8BECA9F-AC38-4525-BBEC-033A712E9515}
		{6CE8C4D7-BAF2-4513-8AC2-1DF2896DA5AD} = {D8BECA9F-AC38-4525-BBEC-033A712E9515}
		{505E1FCC-B585-4385-92B8-B76F471D9F3D} = {D8BECA9F-AC38-4525-BBEC-033A712E9515}
	EndGlobalSection
	GlobalSection(ExtensibilityGlobals) = postSolution
		SolutionGuid = {D60C0964-87AF-404F-95BA-A500165CDCCE}
	EndGlobalSection
EndGlobal
