
Microsoft Visual Studio Solution File, Format Version 12.00
# Visual Studio Version 17
VisualStudioVersion = 17.6.33723.286
MinimumVisualStudioVersion = 10.0.40219.1
Project("{8BC9CEB8-8B4A-11D0-8D11-00A0C91BC942}") = "01_Basic", "01_Basic\01_Basic.vcxproj", "{5A2034BE-A385-41CA-912C-AC44633C7943}"
EndProject
Project("{8BC9CEB8-8B4A-11D0-8D11-00A0C91BC942}") = "02_ProducerConsumerPattern", "02_ProducerConsumerPattern\02_ProducerConsumerPattern.vcxproj", "{3798F263-BDF9-4104-8F46-417ADC9C958F}"
EndProject
Project("{8BC9CEB8-8B4A-11D0-8D11-00A0C91BC942}") = "03_MemoryOrder", "03_MemoryOrder\03_MemoryOrder.vcxproj", "{9E0CA43A-EFEA-46C3-B6EC-28488EF75A75}"
EndProject
Project("{8BC9CEB8-8B4A-11D0-8D11-00A0C91BC942}") = "04_Future", "04_Future\04_Future.vcxproj", "{EA110FA3-6678-4751-8795-AE679CAFB749}"
EndProject
Project("{8BC9CEB8-8B4A-11D0-8D11-00A0C91BC942}") = "05_Async", "05_Async\05_Async.vcxproj", "{C8180449-7A27-499A-B21E-4E9B209AD3E7}"
EndProject
Project("{8BC9CEB8-8B4A-11D0-8D11-00A0C91BC942}") = "06_ThreadPool", "06_ThreadPool\06_ThreadPool.vcxproj", "{866F2D22-BEE2-4E06-8568-5A7B0C9C3F30}"
EndProject
Global
	GlobalSection(SolutionConfigurationPlatforms) = preSolution
		Debug|x64 = Debug|x64
		Debug|x86 = Debug|x86
		Release|x64 = Release|x64
		Release|x86 = Release|x86
	EndGlobalSection
	GlobalSection(ProjectConfigurationPlatforms) = postSolution
		{5A2034BE-A385-41CA-912C-AC44633C7943}.Debug|x64.ActiveCfg = Debug|x64
		{5A2034BE-A385-41CA-912C-AC44633C7943}.Debug|x64.Build.0 = Debug|x64
		{5A2034BE-A385-41CA-912C-AC44633C7943}.Debug|x86.ActiveCfg = Debug|Win32
		{5A2034BE-A385-41CA-912C-AC44633C7943}.Debug|x86.Build.0 = Debug|Win32
		{5A2034BE-A385-41CA-912C-AC44633C7943}.Release|x64.ActiveCfg = Release|x64
		{5A2034BE-A385-41CA-912C-AC44633C7943}.Release|x64.Build.0 = Release|x64
		{5A2034BE-A385-41CA-912C-AC44633C7943}.Release|x86.ActiveCfg = Release|Win32
		{5A2034BE-A385-41CA-912C-AC44633C7943}.Release|x86.Build.0 = Release|Win32
		{3798F263-BDF9-4104-8F46-417ADC9C958F}.Debug|x64.ActiveCfg = Debug|x64
		{3798F263-BDF9-4104-8F46-417ADC9C958F}.Debug|x64.Build.0 = Debug|x64
		{3798F263-BDF9-4104-8F46-417ADC9C958F}.Debug|x86.ActiveCfg = Debug|Win32
		{3798F263-BDF9-4104-8F46-417ADC9C958F}.Debug|x86.Build.0 = Debug|Win32
		{3798F263-BDF9-4104-8F46-417ADC9C958F}.Release|x64.ActiveCfg = Release|x64
		{3798F263-BDF9-4104-8F46-417ADC9C958F}.Release|x64.Build.0 = Release|x64
		{3798F263-BDF9-4104-8F46-417ADC9C958F}.Release|x86.ActiveCfg = Release|Win32
		{3798F263-BDF9-4104-8F46-417ADC9C958F}.Release|x86.Build.0 = Release|Win32
		{9E0CA43A-EFEA-46C3-B6EC-28488EF75A75}.Debug|x64.ActiveCfg = Debug|x64
		{9E0CA43A-EFEA-46C3-B6EC-28488EF75A75}.Debug|x64.Build.0 = Debug|x64
		{9E0CA43A-EFEA-46C3-B6EC-28488EF75A75}.Debug|x86.ActiveCfg = Debug|Win32
		{9E0CA43A-EFEA-46C3-B6EC-28488EF75A75}.Debug|x86.Build.0 = Debug|Win32
		{9E0CA43A-EFEA-46C3-B6EC-28488EF75A75}.Release|x64.ActiveCfg = Release|x64
		{9E0CA43A-EFEA-46C3-B6EC-28488EF75A75}.Release|x64.Build.0 = Release|x64
		{9E0CA43A-EFEA-46C3-B6EC-28488EF75A75}.Release|x86.ActiveCfg = Release|Win32
		{9E0CA43A-EFEA-46C3-B6EC-28488EF75A75}.Release|x86.Build.0 = Release|Win32
		{EA110FA3-6678-4751-8795-AE679CAFB749}.Debug|x64.ActiveCfg = Debug|x64
		{EA110FA3-6678-4751-8795-AE679CAFB749}.Debug|x64.Build.0 = Debug|x64
		{EA110FA3-6678-4751-8795-AE679CAFB749}.Debug|x86.ActiveCfg = Debug|Win32
		{EA110FA3-6678-4751-8795-AE679CAFB749}.Debug|x86.Build.0 = Debug|Win32
		{EA110FA3-6678-4751-8795-AE679CAFB749}.Release|x64.ActiveCfg = Release|x64
		{EA110FA3-6678-4751-8795-AE679CAFB749}.Release|x64.Build.0 = Release|x64
		{EA110FA3-6678-4751-8795-AE679CAFB749}.Release|x86.ActiveCfg = Release|Win32
		{EA110FA3-6678-4751-8795-AE679CAFB749}.Release|x86.Build.0 = Release|Win32
		{C8180449-7A27-499A-B21E-4E9B209AD3E7}.Debug|x64.ActiveCfg = Debug|x64
		{C8180449-7A27-499A-B21E-4E9B209AD3E7}.Debug|x64.Build.0 = Debug|x64
		{C8180449-7A27-499A-B21E-4E9B209AD3E7}.Debug|x86.ActiveCfg = Debug|Win32
		{C8180449-7A27-499A-B21E-4E9B209AD3E7}.Debug|x86.Build.0 = Debug|Win32
		{C8180449-7A27-499A-B21E-4E9B209AD3E7}.Release|x64.ActiveCfg = Release|x64
		{C8180449-7A27-499A-B21E-4E9B209AD3E7}.Release|x64.Build.0 = Release|x64
		{C8180449-7A27-499A-B21E-4E9B209AD3E7}.Release|x86.ActiveCfg = Release|Win32
		{C8180449-7A27-499A-B21E-4E9B209AD3E7}.Release|x86.Build.0 = Release|Win32
		{866F2D22-BEE2-4E06-8568-5A7B0C9C3F30}.Debug|x64.ActiveCfg = Debug|x64
		{866F2D22-BEE2-4E06-8568-5A7B0C9C3F30}.Debug|x64.Build.0 = Debug|x64
		{866F2D22-BEE2-4E06-8568-5A7B0C9C3F30}.Debug|x86.ActiveCfg = Debug|Win32
		{866F2D22-BEE2-4E06-8568-5A7B0C9C3F30}.Debug|x86.Build.0 = Debug|Win32
		{866F2D22-BEE2-4E06-8568-5A7B0C9C3F30}.Release|x64.ActiveCfg = Release|x64
		{866F2D22-BEE2-4E06-8568-5A7B0C9C3F30}.Release|x64.Build.0 = Release|x64
		{866F2D22-BEE2-4E06-8568-5A7B0C9C3F30}.Release|x86.ActiveCfg = Release|Win32
		{866F2D22-BEE2-4E06-8568-5A7B0C9C3F30}.Release|x86.Build.0 = Release|Win32
	EndGlobalSection
	GlobalSection(SolutionProperties) = preSolution
		HideSolutionNode = FALSE
	EndGlobalSection
	GlobalSection(ExtensibilityGlobals) = postSolution
		SolutionGuid = {53860CE8-9DE2-4A7D-B022-ACA432AE81D5}
	EndGlobalSection
EndGlobal
